{
  "name": "rails-template",
  "requires": true,
  "lockfileVersion": 1,
  "dependencies": {
    "govuk-frontend": {
      "version": "3.13.0",
      "resolved": "https://registry.npmjs.org/govuk-frontend/-/govuk-frontend-3.13.0.tgz",
      "integrity": "sha512-JiPCeasuHZ+9m1VyqhsfE81PhWIW4Sweoe6Jvn6oMjQNr75ZpupiytN3DGwA+WKOoESHZibIG+heAzlkdZ/MhA=="
    }
  }
}
