# THIS IS AN AUTOGENERATED FILE. DO NOT EDIT THIS FILE DIRECTLY.
# yarn lockfile v1


"@rails/ujs@^7.0.3":
  version "7.0.3"
  resolved "https://registry.yarnpkg.com/@rails/ujs/-/ujs-7.0.3.tgz#3bb98db34460ad61ef3cd2684401a444a0347bbb"
  integrity sha512-u/F5LOFD1255859xEmb+3dHEI9Gnh5zVsjp6Pc++GGoMUei8vfOEPE9pvWuK01PbarIFfZz5D658gFRhs3dVpw==

accessible-autocomplete@^2.0.4:
  version "2.0.4"
  resolved "https://registry.yarnpkg.com/accessible-autocomplete/-/accessible-autocomplete-2.0.4.tgz#e295256c8d268b97c5ab456a1cb084b553ed3eb0"
  integrity sha512-2p0txrSpvs5wXFUeQJHMheDPTZVSEmiUHWlEPb7vJnv2Dd1xPfoLnBQQMfNbTSit2pL/9sSQYESuD2Yyohd4Yw==
  dependencies:
    preact "^8.3.1"

govuk-frontend@^4.2.0:
  version "4.2.0"
  resolved "https://registry.yarnpkg.com/govuk-frontend/-/govuk-frontend-4.2.0.tgz#1248eb8025c5f8aa6a80282e92da4c81263caf0c"
  integrity sha512-IHbnz5DbnPjuCv4lQvtJGoCNAKAN6byKqmaej8hjd6Y/KTaAuw10npijeqfRJNO4WdDX9a34+n+SC/UmWdjfGQ==

lodash@^4.17.21:
  version "4.17.21"
  resolved "https://registry.yarnpkg.com/lodash/-/lodash-4.17.21.tgz#679591c564c3bffaae8454cf0b3df370c3d6911c"
  integrity sha512-v2kDEe57lecTulaDIuNTPy3Ry4gLGJ6Z1O3vE1krgXZNrsQ+LFTGHVxVjcXPs17LhbZVGedAJv8XZ1tvj5FvSg==

preact@^8.3.1:
  version "8.5.3"
  resolved "https://registry.yarnpkg.com/preact/-/preact-8.5.3.tgz#78c2a5562fcecb1fed1d0055fa4ac1e27bde17c1"
  integrity sha512-O3kKP+1YdgqHOFsZF2a9JVdtqD+RPzCQc3rP+Ualf7V6rmRDchZ9MJbiGTT7LuyqFKZqlHSOyO/oMFmI2lVTsw==
